
Microsoft Visual Studio Solution File, Format Version 12.00
# Visual Studio Version 16
VisualStudioVersion = 16.0.31729.503
MinimumVisualStudioVersion = 10.0.40219.1
Project("{FAE04EC0-301F-11D3-BF4B-00C04F79EFBC}") = "ConsultaCnpjSerPro", "ConsultaCnpjSerPro\ConsultaCnpjSerPro.csproj", "{5A09AA13-353C-42CB-8F80-4B081905BA98}"
EndProject
Project("{FAE04EC0-301F-11D3-BF4B-00C04F79EFBC}") = "StartingProgram", "WindowsFormsApp1\StartingProgram.csproj", "{168D5419-C0FE-4C1C-9535-A26C58E8B27D}"
EndProject
Global
	GlobalSection(SolutionConfigurationPlatforms) = preSolution
		Debug|Any CPU = Debug|Any CPU
		Release|Any CPU = Release|Any CPU
	EndGlobalSection
	GlobalSection(ProjectConfigurationPlatforms) = postSolution
		{5A09AA13-353C-42CB-8F80-4B081905BA98}.Debug|Any CPU.ActiveCfg = Debug|Any CPU
		{5A09AA13-353C-42CB-8F80-4B081905BA98}.Debug|Any CPU.Build.0 = Debug|Any CPU
		{5A09AA13-353C-42CB-8F80-4B081905BA98}.Release|Any CPU.ActiveCfg = Release|Any CPU
		{5A09AA13-353C-42CB-8F80-4B081905BA98}.Release|Any CPU.Build.0 = Release|Any CPU
		{168D5419-C0FE-4C1C-9535-A26C58E8B27D}.Debug|Any CPU.ActiveCfg = Debug|Any CPU
		{168D5419-C0FE-4C1C-9535-A26C58E8B27D}.Debug|Any CPU.Build.0 = Debug|Any CPU
		{168D5419-C0FE-4C1C-9535-A26C58E8B27D}.Release|Any CPU.ActiveCfg = Release|Any CPU
		{168D5419-C0FE-4C1C-9535-A26C58E8B27D}.Release|Any CPU.Build.0 = Release|Any CPU
	EndGlobalSection
	GlobalSection(SolutionProperties) = preSolution
		HideSolutionNode = FALSE
	EndGlobalSection
	GlobalSection(ExtensibilityGlobals) = postSolution
		SolutionGuid = {180C09A9-7C72-40E4-BEA2-1BD936C4B5BB}
	EndGlobalSection
EndGlobal
